
Microsoft Visual Studio Solution File, Format Version 12.00
# Visual Studio Version 17
VisualStudioVersion = 17.2.32616.157
MinimumVisualStudioVersion = 10.0.40219.1
Project("{FAE04EC0-301F-11D3-BF4B-00C04F79EFBC}") = "lab1", "lab1\lab1.csproj", "{8A979D3F-79CF-4C11-A040-DC2544E0F771}"
EndProject
Global
	GlobalSection(SolutionConfigurationPlatforms) = preSolution
		Debug|Any CPU = Debug|Any CPU
		Release|Any CPU = Release|Any CPU
	EndGlobalSection
	GlobalSection(ProjectConfigurationPlatforms) = postSolution
		{8A979D3F-79CF-4C11-A040-DC2544E0F771}.Debug|Any CPU.ActiveCfg = Debug|Any CPU
		{8A979D3F-79CF-4C11-A040-DC2544E0F771}.Debug|Any CPU.Build.0 = Debug|Any CPU
		{8A979D3F-79CF-4C11-A040-DC2544E0F771}.Release|Any CPU.ActiveCfg = Release|Any CPU
		{8A979D3F-79CF-4C11-A040-DC2544E0F771}.Release|Any CPU.Build.0 = Release|Any CPU
	EndGlobalSection
	GlobalSection(SolutionProperties) = preSolution
		HideSolutionNode = FALSE
	EndGlobalSection
	GlobalSection(ExtensibilityGlobals) = postSolution
		SolutionGuid = {723EF507-D6E0-4429-9E7D-C3C6E9E46EFC}
	EndGlobalSection
EndGlobal
